{
    "_meta": {
        "hash": {
            "sha256": "cd71ab6b94ffbcbc30cf1354920845e3f2bfde04169acdafbfe573b5262ae4c6"
        },
        "pipfile-spec": 6,
        "requires": {
            "python_version": "3.6"
        },
        "sources": [
            {
                "name": "pypi",
                "url": "https://pypi.org/simple",
                "verify_ssl": true
            }
        ]
    },
    "default": {
        "django": {
            "hashes": [
                "sha256:4d23f61b26892bac785f07401bc38cbf8fa4cec993f400e9cd9ddf28fd51c0ea",
                "sha256:6e974d4b57e3b29e4882b244d40171d6a75202ab8d2402b8e8adbd182e25cf0c"
            ],
            "index": "pypi",
            "version": "==2.2.3"
        },
        "importlib-metadata": {
            "hashes": [
                "sha256:77a540690e24b0305878c37ffd421785a6f7e53c8b5720d211b211de8d0e95da",
                "sha256:cefa1a2f919b866c5beb7c9f7b0ebb4061f30a8a9bf16d609b000e2dfaceb9c3"
            ],
            "markers": "python_version < '3.8'",
            "version": "==2.0.0"
        },
        "markdown": {
            "hashes": [
                "sha256:1fafe3f1ecabfb514a5285fca634a53c1b32a81cb0feb154264d55bf2ff22c17",
                "sha256:c467cd6233885534bf0fe96e62e3cf46cfc1605112356c4f9981512b8174de59"
            ],
            "index": "pypi",
            "version": "==3.2.2"
        },
        "pytz": {
            "hashes": [
                "sha256:a494d53b6d39c3c6e44c3bec237336e14305e4f29bbf800b599253057fbb79ed",
                "sha256:c35965d010ce31b23eeb663ed3cc8c906275d6be1a34393a1d73a41febf4a048"
            ],
            "version": "==2020.1"
        },
        "sqlparse": {
            "hashes": [
                "sha256:022fb9c87b524d1f7862b3037e541f68597a730a8843245c349fc93e1643dc4e",
                "sha256:e162203737712307dfe78860cc56c8da8a852ab2ee33750e33aeadf38d12c548"
            ],
            "markers": "python_version >= '2.7' and python_version not in '3.0, 3.1, 3.2, 3.3'",
            "version": "==0.3.1"
        },
        "zipp": {
            "hashes": [
                "sha256:43f4fa8d8bb313e65d8323a3952ef8756bf40f9a5c3ea7334be23ee4ec8278b6",
                "sha256:b52f22895f4cfce194bc8172f3819ee8de7540aa6d873535a8668b730b8b411f"
            ],
            "markers": "python_version >= '3.6'",
            "version": "==3.2.0"
        }
    },
    "develop": {}
}
